
Microsoft Visual Studio Solution File, Format Version 12.00
# Visual Studio 15
VisualStudioVersion = 15.0.27703.2042
MinimumVisualStudioVersion = 10.0.40219.1
Project("{8BC9CEB8-8B4A-11D0-8D11-00A0C91BC942}") = "Client7z", "Client7z.vcxproj", "{9C663E32-1F5A-41F2-8842-88EFA9969DDD}"
EndProject
Global
	GlobalSection(SolutionConfigurationPlatforms) = preSolution
		Debug|x86 = Debug|x86
		Release|x86 = Release|x86
	EndGlobalSection
	GlobalSection(ProjectConfigurationPlatforms) = postSolution
		{9C663E32-1F5A-41F2-8842-88EFA9969DDD}.Debug|x86.ActiveCfg = Debug|Win32
		{9C663E32-1F5A-41F2-8842-88EFA9969DDD}.Debug|x86.Build.0 = Debug|Win32
		{9C663E32-1F5A-41F2-8842-88EFA9969DDD}.Release|x86.ActiveCfg = Release|Win32
		{9C663E32-1F5A-41F2-8842-88EFA9969DDD}.Release|x86.Build.0 = Release|Win32
	EndGlobalSection
	GlobalSection(SolutionProperties) = preSolution
		HideSolutionNode = FALSE
	EndGlobalSection
	GlobalSection(ExtensibilityGlobals) = postSolution
		SolutionGuid = {C4784A02-AD3C-4144-849A-3BDD5C36BFF0}
	EndGlobalSection
EndGlobal
